
Microsoft Visual Studio Solution File, Format Version 12.00
# Visual Studio Version 17
VisualStudioVersion = 17.5.002.0
MinimumVisualStudioVersion = 10.0.40219.1
Project("{2150E333-8FDC-42A3-9474-1A3956D46DE8}") = "Lesson1", "Lesson1", "{11DD3426-CEA9-48E9-9C51-2AA4A7E122B2}"
EndProject
Project("{9A19103F-16F7-4668-BE54-9A1E7A4F7556}") = "Task1", "Lesson1\Task1\Task1.csproj", "{8A8FC6B4-28EC-431D-A914-CA6100C00837}"
EndProject
Project("{9A19103F-16F7-4668-BE54-9A1E7A4F7556}") = "Task2", "Lesson1\Task2\Task2.csproj", "{29E41EDA-E33F-4C8E-BB5D-E99F1193718F}"
EndProject
Project("{9A19103F-16F7-4668-BE54-9A1E7A4F7556}") = "Task3", "Lesson1\Task3\Task3.csproj", "{893277CD-17C3-4AC4-9082-9F3606BAE582}"
EndProject
Project("{9A19103F-16F7-4668-BE54-9A1E7A4F7556}") = "Task4", "Lesson1\Task4\Task4.csproj", "{7F22C76B-957A-432E-A9F6-D5E1AFF1BBEB}"
EndProject
Project("{9A19103F-16F7-4668-BE54-9A1E7A4F7556}") = "Task5", "Lesson1\Task5\Task5.csproj", "{EBFA9E2E-5997-44F0-A949-CD350CFD9DDC}"
EndProject
Global
	GlobalSection(SolutionConfigurationPlatforms) = preSolution
		Debug|Any CPU = Debug|Any CPU
		Release|Any CPU = Release|Any CPU
	EndGlobalSection
	GlobalSection(ProjectConfigurationPlatforms) = postSolution
		{8A8FC6B4-28EC-431D-A914-CA6100C00837}.Debug|Any CPU.ActiveCfg = Debug|Any CPU
		{8A8FC6B4-28EC-431D-A914-CA6100C00837}.Debug|Any CPU.Build.0 = Debug|Any CPU
		{8A8FC6B4-28EC-431D-A914-CA6100C00837}.Release|Any CPU.ActiveCfg = Release|Any CPU
		{8A8FC6B4-28EC-431D-A914-CA6100C00837}.Release|Any CPU.Build.0 = Release|Any CPU
		{29E41EDA-E33F-4C8E-BB5D-E99F1193718F}.Debug|Any CPU.ActiveCfg = Debug|Any CPU
		{29E41EDA-E33F-4C8E-BB5D-E99F1193718F}.Debug|Any CPU.Build.0 = Debug|Any CPU
		{29E41EDA-E33F-4C8E-BB5D-E99F1193718F}.Release|Any CPU.ActiveCfg = Release|Any CPU
		{29E41EDA-E33F-4C8E-BB5D-E99F1193718F}.Release|Any CPU.Build.0 = Release|Any CPU
		{893277CD-17C3-4AC4-9082-9F3606BAE582}.Debug|Any CPU.ActiveCfg = Debug|Any CPU
		{893277CD-17C3-4AC4-9082-9F3606BAE582}.Debug|Any CPU.Build.0 = Debug|Any CPU
		{893277CD-17C3-4AC4-9082-9F3606BAE582}.Release|Any CPU.ActiveCfg = Release|Any CPU
		{893277CD-17C3-4AC4-9082-9F3606BAE582}.Release|Any CPU.Build.0 = Release|Any CPU
		{7F22C76B-957A-432E-A9F6-D5E1AFF1BBEB}.Debug|Any CPU.ActiveCfg = Debug|Any CPU
		{7F22C76B-957A-432E-A9F6-D5E1AFF1BBEB}.Debug|Any CPU.Build.0 = Debug|Any CPU
		{7F22C76B-957A-432E-A9F6-D5E1AFF1BBEB}.Release|Any CPU.ActiveCfg = Release|Any CPU
		{7F22C76B-957A-432E-A9F6-D5E1AFF1BBEB}.Release|Any CPU.Build.0 = Release|Any CPU
		{EBFA9E2E-5997-44F0-A949-CD350CFD9DDC}.Debug|Any CPU.ActiveCfg = Debug|Any CPU
		{EBFA9E2E-5997-44F0-A949-CD350CFD9DDC}.Debug|Any CPU.Build.0 = Debug|Any CPU
		{EBFA9E2E-5997-44F0-A949-CD350CFD9DDC}.Release|Any CPU.ActiveCfg = Release|Any CPU
		{EBFA9E2E-5997-44F0-A949-CD350CFD9DDC}.Release|Any CPU.Build.0 = Release|Any CPU
	EndGlobalSection
	GlobalSection(SolutionProperties) = preSolution
		HideSolutionNode = FALSE
	EndGlobalSection
	GlobalSection(NestedProjects) = preSolution
		{8A8FC6B4-28EC-431D-A914-CA6100C00837} = {11DD3426-CEA9-48E9-9C51-2AA4A7E122B2}
		{29E41EDA-E33F-4C8E-BB5D-E99F1193718F} = {11DD3426-CEA9-48E9-9C51-2AA4A7E122B2}
		{893277CD-17C3-4AC4-9082-9F3606BAE582} = {11DD3426-CEA9-48E9-9C51-2AA4A7E122B2}
		{7F22C76B-957A-432E-A9F6-D5E1AFF1BBEB} = {11DD3426-CEA9-48E9-9C51-2AA4A7E122B2}
		{EBFA9E2E-5997-44F0-A949-CD350CFD9DDC} = {11DD3426-CEA9-48E9-9C51-2AA4A7E122B2}
	EndGlobalSection
	GlobalSection(ExtensibilityGlobals) = postSolution
		SolutionGuid = {4B4E9C39-6F3C-4CAD-BD28-EC43DD00CD91}
	EndGlobalSection
EndGlobal
